
Microsoft Visual Studio Solution File, Format Version 11.00
# Visual Studio 2010
Project("{FAE04EC0-301F-11D3-BF4B-00C04F79EFBC}") = "UnityModules", "Assembly-CSharp-firstpass.csproj", "{BBED5894-9F96-85B0-90D7-A7D677AB3105}"
EndProject
Project("{FAE04EC0-301F-11D3-BF4B-00C04F79EFBC}") = "UnityModules", "Assembly-CSharp.csproj", "{2F2A423C-D9B3-9C2A-F63F-2D314D4FBAE2}"
EndProject
Project("{FAE04EC0-301F-11D3-BF4B-00C04F79EFBC}") = "UnityModules", "Assembly-CSharp-Editor-firstpass.csproj", "{47C2D118-666E-9536-2C57-6E9EAAC99F12}"
EndProject
Global
	GlobalSection(SolutionConfigurationPlatforms) = preSolution
		Debug|Any CPU = Debug|Any CPU
		Release|Any CPU = Release|Any CPU
	EndGlobalSection
	GlobalSection(ProjectConfigurationPlatforms) = postSolution
		{BBED5894-9F96-85B0-90D7-A7D677AB3105}.Debug|Any CPU.ActiveCfg = Debug|Any CPU
		{BBED5894-9F96-85B0-90D7-A7D677AB3105}.Debug|Any CPU.Build.0 = Debug|Any CPU
		{BBED5894-9F96-85B0-90D7-A7D677AB3105}.Release|Any CPU.ActiveCfg = Release|Any CPU
		{BBED5894-9F96-85B0-90D7-A7D677AB3105}.Release|Any CPU.Build.0 = Release|Any CPU
		{2F2A423C-D9B3-9C2A-F63F-2D314D4FBAE2}.Debug|Any CPU.ActiveCfg = Debug|Any CPU
		{2F2A423C-D9B3-9C2A-F63F-2D314D4FBAE2}.Debug|Any CPU.Build.0 = Debug|Any CPU
		{2F2A423C-D9B3-9C2A-F63F-2D314D4FBAE2}.Release|Any CPU.ActiveCfg = Release|Any CPU
		{2F2A423C-D9B3-9C2A-F63F-2D314D4FBAE2}.Release|Any CPU.Build.0 = Release|Any CPU
		{47C2D118-666E-9536-2C57-6E9EAAC99F12}.Debug|Any CPU.ActiveCfg = Debug|Any CPU
		{47C2D118-666E-9536-2C57-6E9EAAC99F12}.Debug|Any CPU.Build.0 = Debug|Any CPU
		{47C2D118-666E-9536-2C57-6E9EAAC99F12}.Release|Any CPU.ActiveCfg = Release|Any CPU
		{47C2D118-666E-9536-2C57-6E9EAAC99F12}.Release|Any CPU.Build.0 = Release|Any CPU
	EndGlobalSection
	GlobalSection(SolutionProperties) = preSolution
		HideSolutionNode = FALSE
	EndGlobalSection
	GlobalSection(MonoDevelopProperties) = preSolution
		StartupItem = Assembly-CSharp.csproj
	EndGlobalSection
EndGlobal
